
Microsoft Visual Studio Solution File, Format Version 12.00
# Visual Studio Version 17
VisualStudioVersion = 17.11.35222.181
MinimumVisualStudioVersion = 10.0.40219.1
Project("{8BC9CEB8-8B4A-11D0-8D11-00A0C91BC942}") = "lab_7.1it", "lab_7.1it.vcxproj", "{482F1DBD-07E8-490C-A046-92CF526E0FE0}"
EndProject
Global
	GlobalSection(SolutionConfigurationPlatforms) = preSolution
		Debug|x64 = Debug|x64
		Debug|x86 = Debug|x86
		Release|x64 = Release|x64
		Release|x86 = Release|x86
	EndGlobalSection
	GlobalSection(ProjectConfigurationPlatforms) = postSolution
		{482F1DBD-07E8-490C-A046-92CF526E0FE0}.Debug|x64.ActiveCfg = Debug|x64
		{482F1DBD-07E8-490C-A046-92CF526E0FE0}.Debug|x64.Build.0 = Debug|x64
		{482F1DBD-07E8-490C-A046-92CF526E0FE0}.Debug|x86.ActiveCfg = Debug|Win32
		{482F1DBD-07E8-490C-A046-92CF526E0FE0}.Debug|x86.Build.0 = Debug|Win32
		{482F1DBD-07E8-490C-A046-92CF526E0FE0}.Release|x64.ActiveCfg = Release|x64
		{482F1DBD-07E8-490C-A046-92CF526E0FE0}.Release|x64.Build.0 = Release|x64
		{482F1DBD-07E8-490C-A046-92CF526E0FE0}.Release|x86.ActiveCfg = Release|Win32
		{482F1DBD-07E8-490C-A046-92CF526E0FE0}.Release|x86.Build.0 = Release|Win32
	EndGlobalSection
	GlobalSection(SolutionProperties) = preSolution
		HideSolutionNode = FALSE
	EndGlobalSection
	GlobalSection(ExtensibilityGlobals) = postSolution
		SolutionGuid = {94D027CF-257B-4D8E-96DD-91ADCD5B27B0}
	EndGlobalSection
EndGlobal
